{
  "name": "hivenode",
  "version": "0.3.0",
  "lockfileVersion": 2,
  "requires": true,
  "packages": {
    "": {
      "name": "hivenode",
      "version": "0.3.0",
      "license": "ISC",
      "dependencies": {
        "@types/ws": "^7.4.5",
        "mute-stream": "^0.0.8",
        "string-argv": "^0.3.1",
        "tiny-typed-emitter": "^2.1.0",
        "tslib": "^2.3.0",
        "ws": "^7.5.0"
      },
      "devDependencies": {
        "@types/mute-stream": "^0.0.1"
      }
    },
    "node_modules/@types/mute-stream": {
      "version": "0.0.1",
      "resolved": "https://registry.npmjs.org/@types/mute-stream/-/mute-stream-0.0.1.tgz",
      "integrity": "sha512-0yQLzYhCqGz7CQPE3iDmYjhb7KMBFOP+tBkyw+/Y2YyDI5wpS7itXXxneN1zSsUwWx3Ji6YiVYrhAnpQGS/vkw==",
      "dev": true,
      "dependencies": {
        "@types/node": "*"
      }
    },
    "node_modules/@types/node": {
      "version": "18.7.16",
      "resolved": "https://registry.npmjs.org/@types/node/-/node-18.7.16.tgz",
      "integrity": "sha512-EQHhixfu+mkqHMZl1R2Ovuvn47PUw18azMJOTwSZr9/fhzHNGXAJ0ma0dayRVchprpCj0Kc1K1xKoWaATWF1qg=="
    },
    "node_modules/@types/ws": {
      "version": "7.4.7",
      "resolved": "https://registry.npmjs.org/@types/ws/-/ws-7.4.7.tgz",
      "integrity": "sha512-JQbbmxZTZehdc2iszGKs5oC3NFnjeay7mtAWrdt7qNtAVK0g19muApzAy4bm9byz79xa2ZnO/BOBC2R8RC5Lww==",
      "dependencies": {
        "@types/node": "*"
      }
    },
    "node_modules/mute-stream": {
      "version": "0.0.8",
      "resolved": "https://registry.npmjs.org/mute-stream/-/mute-stream-0.0.8.tgz",
      "integrity": "sha512-nnbWWOkoWyUsTjKrhgD0dcz22mdkSnpYqbEjIm2nhwhuxlSkpywJmBo8h0ZqJdkp73mb90SssHkN4rsRaBAfAA=="
    },
    "node_modules/string-argv": {
      "version": "0.3.1",
      "resolved": "https://registry.npmjs.org/string-argv/-/string-argv-0.3.1.tgz",
      "integrity": "sha512-a1uQGz7IyVy9YwhqjZIZu1c8JO8dNIe20xBmSS6qu9kv++k3JGzCVmprbNN5Kn+BgzD5E7YYwg1CcjuJMRNsvg==",
      "engines": {
        "node": ">=0.6.19"
      }
    },
    "node_modules/tiny-typed-emitter": {
      "version": "2.1.0",
      "resolved": "https://registry.npmjs.org/tiny-typed-emitter/-/tiny-typed-emitter-2.1.0.tgz",
      "integrity": "sha512-qVtvMxeXbVej0cQWKqVSSAHmKZEHAvxdF8HEUBFWts8h+xEo5m/lEiPakuyZ3BnCBjOD8i24kzNOiOLLgsSxhA=="
    },
    "node_modules/tslib": {
      "version": "2.4.0",
      "resolved": "https://registry.npmjs.org/tslib/-/tslib-2.4.0.tgz",
      "integrity": "sha512-d6xOpEDfsi2CZVlPQzGeux8XMwLT9hssAsaPYExaQMuYskwb+x1x7J371tWlbBdWHroy99KnVB6qIkUbs5X3UQ=="
    },
    "node_modules/ws": {
      "version": "7.5.9",
      "resolved": "https://registry.npmjs.org/ws/-/ws-7.5.9.tgz",
      "integrity": "sha512-F+P9Jil7UiSKSkppIiD94dN07AwvFixvLIj1Og1Rl9GGMuNipJnV9JzjD6XuqmAeiswGvUmNLjr5cFuXwNS77Q==",
      "engines": {
        "node": ">=8.3.0"
      },
      "peerDependencies": {
        "bufferutil": "^4.0.1",
        "utf-8-validate": "^5.0.2"
      },
      "peerDependenciesMeta": {
        "bufferutil": {
          "optional": true
        },
        "utf-8-validate": {
          "optional": true
        }
      }
    }
  },
  "dependencies": {
    "@types/mute-stream": {
      "version": "0.0.1",
      "resolved": "https://registry.npmjs.org/@types/mute-stream/-/mute-stream-0.0.1.tgz",
      "integrity": "sha512-0yQLzYhCqGz7CQPE3iDmYjhb7KMBFOP+tBkyw+/Y2YyDI5wpS7itXXxneN1zSsUwWx3Ji6YiVYrhAnpQGS/vkw==",
      "dev": true,
      "requires": {
        "@types/node": "*"
      }
    },
    "@types/node": {
      "version": "18.7.16",
      "resolved": "https://registry.npmjs.org/@types/node/-/node-18.7.16.tgz",
      "integrity": "sha512-EQHhixfu+mkqHMZl1R2Ovuvn47PUw18azMJOTwSZr9/fhzHNGXAJ0ma0dayRVchprpCj0Kc1K1xKoWaATWF1qg=="
    },
    "@types/ws": {
      "version": "7.4.7",
      "resolved": "https://registry.npmjs.org/@types/ws/-/ws-7.4.7.tgz",
      "integrity": "sha512-JQbbmxZTZehdc2iszGKs5oC3NFnjeay7mtAWrdt7qNtAVK0g19muApzAy4bm9byz79xa2ZnO/BOBC2R8RC5Lww==",
      "requires": {
        "@types/node": "*"
      }
    },
    "mute-stream": {
      "version": "0.0.8",
      "resolved": "https://registry.npmjs.org/mute-stream/-/mute-stream-0.0.8.tgz",
      "integrity": "sha512-nnbWWOkoWyUsTjKrhgD0dcz22mdkSnpYqbEjIm2nhwhuxlSkpywJmBo8h0ZqJdkp73mb90SssHkN4rsRaBAfAA=="
    },
    "string-argv": {
      "version": "0.3.1",
      "resolved": "https://registry.npmjs.org/string-argv/-/string-argv-0.3.1.tgz",
      "integrity": "sha512-a1uQGz7IyVy9YwhqjZIZu1c8JO8dNIe20xBmSS6qu9kv++k3JGzCVmprbNN5Kn+BgzD5E7YYwg1CcjuJMRNsvg=="
    },
    "tiny-typed-emitter": {
      "version": "2.1.0",
      "resolved": "https://registry.npmjs.org/tiny-typed-emitter/-/tiny-typed-emitter-2.1.0.tgz",
      "integrity": "sha512-qVtvMxeXbVej0cQWKqVSSAHmKZEHAvxdF8HEUBFWts8h+xEo5m/lEiPakuyZ3BnCBjOD8i24kzNOiOLLgsSxhA=="
    },
    "tslib": {
      "version": "2.4.0",
      "resolved": "https://registry.npmjs.org/tslib/-/tslib-2.4.0.tgz",
      "integrity": "sha512-d6xOpEDfsi2CZVlPQzGeux8XMwLT9hssAsaPYExaQMuYskwb+x1x7J371tWlbBdWHroy99KnVB6qIkUbs5X3UQ=="
    },
    "ws": {
      "version": "7.5.9",
      "resolved": "https://registry.npmjs.org/ws/-/ws-7.5.9.tgz",
      "integrity": "sha512-F+P9Jil7UiSKSkppIiD94dN07AwvFixvLIj1Og1Rl9GGMuNipJnV9JzjD6XuqmAeiswGvUmNLjr5cFuXwNS77Q==",
      "requires": {}
    }
  }
}
